// !$*UTF8*$!
{
	archiveVersion = 1;
	classes = {
	};
	objectVersion = 55;
	objects = {

/* Begin PBXBuildFile section */
		0C16F28328BA340F00729B16 /* AppDelegate.swift in Sources */ = {isa = PBXBuildFile; fileRef = 0C16F28228BA340F00729B16 /* AppDelegate.swift */; };
		0C16F28528BA340F00729B16 /* SceneDelegate.swift in Sources */ = {isa = PBXBuildFile; fileRef = 0C16F28428BA340F00729B16 /* SceneDelegate.swift */; };
		0C16F28728BA340F00729B16 /* HomepageVC.swift in Sources */ = {isa = PBXBuildFile; fileRef = 0C16F28628BA340F00729B16 /* HomepageVC.swift */; };
		0C16F28A28BA340F00729B16 /* Main.storyboard in Resources */ = {isa = PBXBuildFile; fileRef = 0C16F28828BA340F00729B16 /* Main.storyboard */; };
		0C16F28C28BA341200729B16 /* Assets.xcassets in Resources */ = {isa = PBXBuildFile; fileRef = 0C16F28B28BA341200729B16 /* Assets.xcassets */; };
		0C16F28F28BA341200729B16 /* LaunchScreen.storyboard in Resources */ = {isa = PBXBuildFile; fileRef = 0C16F28D28BA341200729B16 /* LaunchScreen.storyboard */; };
		0C3FEF1528BBA83100EF31BD /* TableViewNoteCell.swift in Sources */ = {isa = PBXBuildFile; fileRef = 0C3FEF1428BBA83100EF31BD /* TableViewNoteCell.swift */; };
		0C3FEF1728BBB38B00EF31BD /* NotenewVC.swift in Sources */ = {isa = PBXBuildFile; fileRef = 0C3FEF1628BBB38B00EF31BD /* NotenewVC.swift */; };
		0C3FEF1928BBB3AB00EF31BD /* NotedetailVC.swift in Sources */ = {isa = PBXBuildFile; fileRef = 0C3FEF1828BBB3AB00EF31BD /* NotedetailVC.swift */; };
		0C96F5D628BB897600561FE4 /* HomepageProtocol.swift in Sources */ = {isa = PBXBuildFile; fileRef = 0C96F5D528BB897600561FE4 /* HomepageProtocol.swift */; };
		0C96F5DA28BB8C0900561FE4 /* Notes.swift in Sources */ = {isa = PBXBuildFile; fileRef = 0C96F5D928BB8C0900561FE4 /* Notes.swift */; };
		0C96F5DD28BB9C1700561FE4 /* CraftRounded-DemiBold.ttf in Resources */ = {isa = PBXBuildFile; fileRef = 0C96F5DC28BB9C1700561FE4 /* CraftRounded-DemiBold.ttf */; };
		0C96F5DF28BB9C1E00561FE4 /* CraftRounded-Regular.ttf in Resources */ = {isa = PBXBuildFile; fileRef = 0C96F5DE28BB9C1E00561FE4 /* CraftRounded-Regular.ttf */; };
		0C96F5E128BB9C2600561FE4 /* CraftRounded-Bold.ttf in Resources */ = {isa = PBXBuildFile; fileRef = 0C96F5E028BB9C2600561FE4 /* CraftRounded-Bold.ttf */; };
		0C9A85AF28BCDEE700785933 /* FMResultSet.m in Sources */ = {isa = PBXBuildFile; fileRef = 0C9A85A528BCDEE700785933 /* FMResultSet.m */; };
		0C9A85B028BCDEE700785933 /* FMDatabaseQueue.m in Sources */ = {isa = PBXBuildFile; fileRef = 0C9A85A928BCDEE700785933 /* FMDatabaseQueue.m */; };
		0C9A85B128BCDEE700785933 /* FMDatabase.m in Sources */ = {isa = PBXBuildFile; fileRef = 0C9A85AB28BCDEE700785933 /* FMDatabase.m */; };
		0C9A85B228BCDEE700785933 /* FMDatabaseAdditions.m in Sources */ = {isa = PBXBuildFile; fileRef = 0C9A85AC28BCDEE700785933 /* FMDatabaseAdditions.m */; };
		0C9A85B328BCDEE700785933 /* FMDatabasePool.m in Sources */ = {isa = PBXBuildFile; fileRef = 0C9A85AD28BCDEE700785933 /* FMDatabasePool.m */; };
		0C9A85B828BCE23200785933 /* HomepageRouter.swift in Sources */ = {isa = PBXBuildFile; fileRef = 0C9A85B728BCE23200785933 /* HomepageRouter.swift */; };
		0C9A85BB28BCE27000785933 /* HomepageInteractor.swift in Sources */ = {isa = PBXBuildFile; fileRef = 0C9A85BA28BCE27000785933 /* HomepageInteractor.swift */; };
		0C9A85BD28BCE28800785933 /* HomepagePresenter.swift in Sources */ = {isa = PBXBuildFile; fileRef = 0C9A85BC28BCE28800785933 /* HomepagePresenter.swift */; };
/* End PBXBuildFile section */

/* Begin PBXFileReference section */
		0C16F27F28BA340F00729B16 /* toDoViper.app */ = {isa = PBXFileReference; explicitFileType = wrapper.application; includeInIndex = 0; path = toDoViper.app; sourceTree = BUILT_PRODUCTS_DIR; };
		0C16F28228BA340F00729B16 /* AppDelegate.swift */ = {isa = PBXFileReference; lastKnownFileType = sourcecode.swift; path = AppDelegate.swift; sourceTree = "<group>"; };
		0C16F28428BA340F00729B16 /* SceneDelegate.swift */ = {isa = PBXFileReference; lastKnownFileType = sourcecode.swift; path = SceneDelegate.swift; sourceTree = "<group>"; };
		0C16F28628BA340F00729B16 /* HomepageVC.swift */ = {isa = PBXFileReference; lastKnownFileType = sourcecode.swift; path = HomepageVC.swift; sourceTree = "<group>"; };
		0C16F28928BA340F00729B16 /* Base */ = {isa = PBXFileReference; lastKnownFileType = file.storyboard; name = Base; path = Base.lproj/Main.storyboard; sourceTree = "<group>"; };
		0C16F28B28BA341200729B16 /* Assets.xcassets */ = {isa = PBXFileReference; lastKnownFileType = folder.assetcatalog; path = Assets.xcassets; sourceTree = "<group>"; };
		0C16F28E28BA341200729B16 /* Base */ = {isa = PBXFileReference; lastKnownFileType = file.storyboard; name = Base; path = Base.lproj/LaunchScreen.storyboard; sourceTree = "<group>"; };
		0C16F29028BA341200729B16 /* Info.plist */ = {isa = PBXFileReference; lastKnownFileType = text.plist.xml; path = Info.plist; sourceTree = "<group>"; };
		0C3FEF1428BBA83100EF31BD /* TableViewNoteCell.swift */ = {isa = PBXFileReference; lastKnownFileType = sourcecode.swift; path = TableViewNoteCell.swift; sourceTree = "<group>"; };
		0C3FEF1628BBB38B00EF31BD /* NotenewVC.swift */ = {isa = PBXFileReference; lastKnownFileType = sourcecode.swift; path = NotenewVC.swift; sourceTree = "<group>"; };
		0C3FEF1828BBB3AB00EF31BD /* NotedetailVC.swift */ = {isa = PBXFileReference; lastKnownFileType = sourcecode.swift; path = NotedetailVC.swift; sourceTree = "<group>"; };
		0C96F5D528BB897600561FE4 /* HomepageProtocol.swift */ = {isa = PBXFileReference; lastKnownFileType = sourcecode.swift; path = HomepageProtocol.swift; sourceTree = "<group>"; };
		0C96F5D928BB8C0900561FE4 /* Notes.swift */ = {isa = PBXFileReference; lastKnownFileType = sourcecode.swift; path = Notes.swift; sourceTree = "<group>"; };
		0C96F5DC28BB9C1700561FE4 /* CraftRounded-DemiBold.ttf */ = {isa = PBXFileReference; lastKnownFileType = file; path = "CraftRounded-DemiBold.ttf"; sourceTree = "<group>"; };
		0C96F5DE28BB9C1E00561FE4 /* CraftRounded-Regular.ttf */ = {isa = PBXFileReference; lastKnownFileType = file; path = "CraftRounded-Regular.ttf"; sourceTree = "<group>"; };
		0C96F5E028BB9C2600561FE4 /* CraftRounded-Bold.ttf */ = {isa = PBXFileReference; lastKnownFileType = file; path = "CraftRounded-Bold.ttf"; sourceTree = "<group>"; };
		0C9A85A328BCDEE700785933 /* toDoViper-Bridging-Header.h */ = {isa = PBXFileReference; lastKnownFileType = sourcecode.c.h; path = "toDoViper-Bridging-Header.h"; sourceTree = "<group>"; };
		0C9A85A428BCDEE700785933 /* FMDatabase.h */ = {isa = PBXFileReference; fileEncoding = 4; lastKnownFileType = sourcecode.c.h; path = FMDatabase.h; sourceTree = "<group>"; };
		0C9A85A528BCDEE700785933 /* FMResultSet.m */ = {isa = PBXFileReference; fileEncoding = 4; lastKnownFileType = sourcecode.c.objc; path = FMResultSet.m; sourceTree = "<group>"; };
		0C9A85A628BCDEE700785933 /* FMDatabaseAdditions.h */ = {isa = PBXFileReference; fileEncoding = 4; lastKnownFileType = sourcecode.c.h; path = FMDatabaseAdditions.h; sourceTree = "<group>"; };
		0C9A85A728BCDEE700785933 /* FMDatabasePool.h */ = {isa = PBXFileReference; fileEncoding = 4; lastKnownFileType = sourcecode.c.h; path = FMDatabasePool.h; sourceTree = "<group>"; };
		0C9A85A828BCDEE700785933 /* FMDatabaseQueue.h */ = {isa = PBXFileReference; fileEncoding = 4; lastKnownFileType = sourcecode.c.h; path = FMDatabaseQueue.h; sourceTree = "<group>"; };
		0C9A85A928BCDEE700785933 /* FMDatabaseQueue.m */ = {isa = PBXFileReference; fileEncoding = 4; lastKnownFileType = sourcecode.c.objc; path = FMDatabaseQueue.m; sourceTree = "<group>"; };
		0C9A85AA28BCDEE700785933 /* FMResultSet.h */ = {isa = PBXFileReference; fileEncoding = 4; lastKnownFileType = sourcecode.c.h; path = FMResultSet.h; sourceTree = "<group>"; };
		0C9A85AB28BCDEE700785933 /* FMDatabase.m */ = {isa = PBXFileReference; fileEncoding = 4; lastKnownFileType = sourcecode.c.objc; path = FMDatabase.m; sourceTree = "<group>"; };
		0C9A85AC28BCDEE700785933 /* FMDatabaseAdditions.m */ = {isa = PBXFileReference; fileEncoding = 4; lastKnownFileType = sourcecode.c.objc; path = FMDatabaseAdditions.m; sourceTree = "<group>"; };
		0C9A85AD28BCDEE700785933 /* FMDatabasePool.m */ = {isa = PBXFileReference; fileEncoding = 4; lastKnownFileType = sourcecode.c.objc; path = FMDatabasePool.m; sourceTree = "<group>"; };
		0C9A85AE28BCDEE700785933 /* FMDB.h */ = {isa = PBXFileReference; fileEncoding = 4; lastKnownFileType = sourcecode.c.h; path = FMDB.h; sourceTree = "<group>"; };
		0C9A85B628BCE13300785933 /* libsqlite3.tbd */ = {isa = PBXFileReference; lastKnownFileType = "sourcecode.text-based-dylib-definition"; name = libsqlite3.tbd; path = usr/lib/libsqlite3.tbd; sourceTree = SDKROOT; };
		0C9A85B728BCE23200785933 /* HomepageRouter.swift */ = {isa = PBXFileReference; lastKnownFileType = sourcecode.swift; path = HomepageRouter.swift; sourceTree = "<group>"; };
		0C9A85BA28BCE27000785933 /* HomepageInteractor.swift */ = {isa = PBXFileReference; lastKnownFileType = sourcecode.swift; path = HomepageInteractor.swift; sourceTree = "<group>"; };
		0C9A85BC28BCE28800785933 /* HomepagePresenter.swift */ = {isa = PBXFileReference; lastKnownFileType = sourcecode.swift; path = HomepagePresenter.swift; sourceTree = "<group>"; };
/* End PBXFileReference section */

/* Begin PBXFrameworksBuildPhase section */
		0C16F27C28BA340F00729B16 /* Frameworks */ = {
			isa = PBXFrameworksBuildPhase;
			buildActionMask = 2147483647;
			files = (
			);
			runOnlyForDeploymentPostprocessing = 0;
		};
/* End PBXFrameworksBuildPhase section */

/* Begin PBXGroup section */
		0C16F27628BA340F00729B16 = {
			isa = PBXGroup;
			children = (
				0C16F28128BA340F00729B16 /* toDoViper */,
				0C16F28028BA340F00729B16 /* Products */,
				0C9A85B528BCE13300785933 /* Frameworks */,
			);
			sourceTree = "<group>";
		};
		0C16F28028BA340F00729B16 /* Products */ = {
			isa = PBXGroup;
			children = (
				0C16F27F28BA340F00729B16 /* toDoViper.app */,
			);
			name = Products;
			sourceTree = "<group>";
		};
		0C16F28128BA340F00729B16 /* toDoViper */ = {
			isa = PBXGroup;
			children = (
				0C9A85B428BCDEF000785933 /* Sqlite Files */,
				0C96F5DB28BB9C0800561FE4 /* fonts */,
				0C16F28228BA340F00729B16 /* AppDelegate.swift */,
				0C16F28428BA340F00729B16 /* SceneDelegate.swift */,
				0C96F5D728BB8BF100561FE4 /* entity */,
				0C96F5C228BB7D5900561FE4 /* notedetail-module */,
				0C96F5C128BB7D4700561FE4 /* notenew-module */,
				0C96F5C028BB7D1E00561FE4 /* homepage-module */,
				0C16F28828BA340F00729B16 /* Main.storyboard */,
				0C16F28B28BA341200729B16 /* Assets.xcassets */,
				0C16F28D28BA341200729B16 /* LaunchScreen.storyboard */,
				0C16F29028BA341200729B16 /* Info.plist */,
			);
			path = toDoViper;
			sourceTree = "<group>";
		};
		0C96F5C028BB7D1E00561FE4 /* homepage-module */ = {
			isa = PBXGroup;
			children = (
				0C96F5C328BB7D6800561FE4 /* tableview */,
				0C96F5C428BB7D7500561FE4 /* protocols */,
				0C96F5C628BB7D8A00561FE4 /* interactor */,
				0C96F5C728BB7D9100561FE4 /* presenter */,
				0C96F5C828BB7D9800561FE4 /* view */,
				0C96F5C528BB7D8000561FE4 /* router */,
			);
			path = "homepage-module";
			sourceTree = "<group>";
		};
		0C96F5C128BB7D4700561FE4 /* notenew-module */ = {
			isa = PBXGroup;
			children = (
				0C96F5C928BB7E7E00561FE4 /* protocols */,
				0C96F5CB28BB7E9600561FE4 /* interactor */,
				0C96F5CC28BB7EA100561FE4 /* presenter */,
				0C96F5CD28BB7EA900561FE4 /* view */,
				0C96F5CA28BB7E8D00561FE4 /* router */,
			);
			path = "notenew-module";
			sourceTree = "<group>";
		};
		0C96F5C228BB7D5900561FE4 /* notedetail-module */ = {
			isa = PBXGroup;
			children = (
				0C96F5D228BB7EF500561FE4 /* protocols */,
				0C96F5D128BB7EEE00561FE4 /* interactor */,
				0C96F5D028BB7EE900561FE4 /* presenter */,
				0C96F5CE28BB7ECB00561FE4 /* view */,
				0C96F5CF28BB7EE200561FE4 /* router */,
			);
			path = "notedetail-module";
			sourceTree = "<group>";
		};
		0C96F5C328BB7D6800561FE4 /* tableview */ = {
			isa = PBXGroup;
			children = (
				0C3FEF1428BBA83100EF31BD /* TableViewNoteCell.swift */,
			);
			path = tableview;
			sourceTree = "<group>";
		};
		0C96F5C428BB7D7500561FE4 /* protocols */ = {
			isa = PBXGroup;
			children = (
				0C96F5D528BB897600561FE4 /* HomepageProtocol.swift */,
			);
			path = protocols;
			sourceTree = "<group>";
		};
		0C96F5C528BB7D8000561FE4 /* router */ = {
			isa = PBXGroup;
			children = (
				0C9A85B728BCE23200785933 /* HomepageRouter.swift */,
			);
			path = router;
			sourceTree = "<group>";
		};
		0C96F5C628BB7D8A00561FE4 /* interactor */ = {
			isa = PBXGroup;
			children = (
				0C9A85BA28BCE27000785933 /* HomepageInteractor.swift */,
			);
			path = interactor;
			sourceTree = "<group>";
		};
		0C96F5C728BB7D9100561FE4 /* presenter */ = {
			isa = PBXGroup;
			children = (
				0C9A85BC28BCE28800785933 /* HomepagePresenter.swift */,
			);
			path = presenter;
			sourceTree = "<group>";
		};
		0C96F5C828BB7D9800561FE4 /* view */ = {
			isa = PBXGroup;
			children = (
				0C16F28628BA340F00729B16 /* HomepageVC.swift */,
			);
			path = view;
			sourceTree = "<group>";
		};
		0C96F5C928BB7E7E00561FE4 /* protocols */ = {
			isa = PBXGroup;
			children = (
			);
			path = protocols;
			sourceTree = "<group>";
		};
		0C96F5CA28BB7E8D00561FE4 /* router */ = {
			isa = PBXGroup;
			children = (
			);
			path = router;
			sourceTree = "<group>";
		};
		0C96F5CB28BB7E9600561FE4 /* interactor */ = {
			isa = PBXGroup;
			children = (
			);
			path = interactor;
			sourceTree = "<group>";
		};
		0C96F5CC28BB7EA100561FE4 /* presenter */ = {
			isa = PBXGroup;
			children = (
			);
			path = presenter;
			sourceTree = "<group>";
		};
		0C96F5CD28BB7EA900561FE4 /* view */ = {
			isa = PBXGroup;
			children = (
				0C3FEF1628BBB38B00EF31BD /* NotenewVC.swift */,
			);
			path = view;
			sourceTree = "<group>";
		};
		0C96F5CE28BB7ECB00561FE4 /* view */ = {
			isa = PBXGroup;
			children = (
				0C3FEF1828BBB3AB00EF31BD /* NotedetailVC.swift */,
			);
			path = view;
			sourceTree = "<group>";
		};
		0C96F5CF28BB7EE200561FE4 /* router */ = {
			isa = PBXGroup;
			children = (
			);
			path = router;
			sourceTree = "<group>";
		};
		0C96F5D028BB7EE900561FE4 /* presenter */ = {
			isa = PBXGroup;
			children = (
			);
			path = presenter;
			sourceTree = "<group>";
		};
		0C96F5D128BB7EEE00561FE4 /* interactor */ = {
			isa = PBXGroup;
			children = (
			);
			path = interactor;
			sourceTree = "<group>";
		};
		0C96F5D228BB7EF500561FE4 /* protocols */ = {
			isa = PBXGroup;
			children = (
			);
			path = protocols;
			sourceTree = "<group>";
		};
		0C96F5D728BB8BF100561FE4 /* entity */ = {
			isa = PBXGroup;
			children = (
				0C96F5D928BB8C0900561FE4 /* Notes.swift */,
			);
			path = entity;
			sourceTree = "<group>";
		};
		0C96F5DB28BB9C0800561FE4 /* fonts */ = {
			isa = PBXGroup;
			children = (
				0C96F5DC28BB9C1700561FE4 /* CraftRounded-DemiBold.ttf */,
				0C96F5DE28BB9C1E00561FE4 /* CraftRounded-Regular.ttf */,
				0C96F5E028BB9C2600561FE4 /* CraftRounded-Bold.ttf */,
			);
			path = fonts;
			sourceTree = "<group>";
		};
		0C9A85B428BCDEF000785933 /* Sqlite Files */ = {
			isa = PBXGroup;
			children = (
				0C9A85A428BCDEE700785933 /* FMDatabase.h */,
				0C9A85AB28BCDEE700785933 /* FMDatabase.m */,
				0C9A85A628BCDEE700785933 /* FMDatabaseAdditions.h */,
				0C9A85AC28BCDEE700785933 /* FMDatabaseAdditions.m */,
				0C9A85A728BCDEE700785933 /* FMDatabasePool.h */,
				0C9A85AD28BCDEE700785933 /* FMDatabasePool.m */,
				0C9A85A828BCDEE700785933 /* FMDatabaseQueue.h */,
				0C9A85A928BCDEE700785933 /* FMDatabaseQueue.m */,
				0C9A85AE28BCDEE700785933 /* FMDB.h */,
				0C9A85AA28BCDEE700785933 /* FMResultSet.h */,
				0C9A85A528BCDEE700785933 /* FMResultSet.m */,
				0C9A85A328BCDEE700785933 /* toDoViper-Bridging-Header.h */,
			);
			name = "Sqlite Files";
			sourceTree = "<group>";
		};
		0C9A85B528BCE13300785933 /* Frameworks */ = {
			isa = PBXGroup;
			children = (
				0C9A85B628BCE13300785933 /* libsqlite3.tbd */,
			);
			name = Frameworks;
			sourceTree = "<group>";
		};
/* End PBXGroup section */

/* Begin PBXNativeTarget section */
		0C16F27E28BA340F00729B16 /* toDoViper */ = {
			isa = PBXNativeTarget;
			buildConfigurationList = 0C16F29328BA341200729B16 /* Build configuration list for PBXNativeTarget "toDoViper" */;
			buildPhases = (
				0C16F27B28BA340F00729B16 /* Sources */,
				0C16F27C28BA340F00729B16 /* Frameworks */,
				0C16F27D28BA340F00729B16 /* Resources */,
			);
			buildRules = (
			);
			dependencies = (
			);
			name = toDoViper;
			productName = toDoViper;
			productReference = 0C16F27F28BA340F00729B16 /* toDoViper.app */;
			productType = "com.apple.product-type.application";
		};
/* End PBXNativeTarget section */

/* Begin PBXProject section */
		0C16F27728BA340F00729B16 /* Project object */ = {
			isa = PBXProject;
			attributes = {
				BuildIndependentTargetsInParallel = 1;
				LastSwiftUpdateCheck = 1340;
				LastUpgradeCheck = 1340;
				TargetAttributes = {
					0C16F27E28BA340F00729B16 = {
						CreatedOnToolsVersion = 13.4.1;
						LastSwiftMigration = 1340;
					};
				};
			};
			buildConfigurationList = 0C16F27A28BA340F00729B16 /* Build configuration list for PBXProject "toDoViper" */;
			compatibilityVersion = "Xcode 13.0";
			developmentRegion = en;
			hasScannedForEncodings = 0;
			knownRegions = (
				en,
				Base,
			);
			mainGroup = 0C16F27628BA340F00729B16;
			productRefGroup = 0C16F28028BA340F00729B16 /* Products */;
			projectDirPath = "";
			projectRoot = "";
			targets = (
				0C16F27E28BA340F00729B16 /* toDoViper */,
			);
		};
/* End PBXProject section */

/* Begin PBXResourcesBuildPhase section */
		0C16F27D28BA340F00729B16 /* Resources */ = {
			isa = PBXResourcesBuildPhase;
			buildActionMask = 2147483647;
			files = (
				0C16F28F28BA341200729B16 /* LaunchScreen.storyboard in Resources */,
				0C96F5DF28BB9C1E00561FE4 /* CraftRounded-Regular.ttf in Resources */,
				0C16F28C28BA341200729B16 /* Assets.xcassets in Resources */,
				0C16F28A28BA340F00729B16 /* Main.storyboard in Resources */,
				0C96F5E128BB9C2600561FE4 /* CraftRounded-Bold.ttf in Resources */,
				0C96F5DD28BB9C1700561FE4 /* CraftRounded-DemiBold.ttf in Resources */,
			);
			runOnlyForDeploymentPostprocessing = 0;
		};
/* End PBXResourcesBuildPhase section */

/* Begin PBXSourcesBuildPhase section */
		0C16F27B28BA340F00729B16 /* Sources */ = {
			isa = PBXSourcesBuildPhase;
			buildActionMask = 2147483647;
			files = (
				0C9A85BD28BCE28800785933 /* HomepagePresenter.swift in Sources */,
				0C3FEF1728BBB38B00EF31BD /* NotenewVC.swift in Sources */,
				0C16F28728BA340F00729B16 /* HomepageVC.swift in Sources */,
				0C9A85B828BCE23200785933 /* HomepageRouter.swift in Sources */,
				0C9A85B328BCDEE700785933 /* FMDatabasePool.m in Sources */,
				0C3FEF1528BBA83100EF31BD /* TableViewNoteCell.swift in Sources */,
				0C96F5DA28BB8C0900561FE4 /* Notes.swift in Sources */,
				0C96F5D628BB897600561FE4 /* HomepageProtocol.swift in Sources */,
				0C9A85B028BCDEE700785933 /* FMDatabaseQueue.m in Sources */,
				0C9A85BB28BCE27000785933 /* HomepageInteractor.swift in Sources */,
				0C16F28328BA340F00729B16 /* AppDelegate.swift in Sources */,
				0C9A85AF28BCDEE700785933 /* FMResultSet.m in Sources */,
				0C16F28528BA340F00729B16 /* SceneDelegate.swift in Sources */,
				0C9A85B128BCDEE700785933 /* FMDatabase.m in Sources */,
				0C3FEF1928BBB3AB00EF31BD /* NotedetailVC.swift in Sources */,
				0C9A85B228BCDEE700785933 /* FMDatabaseAdditions.m in Sources */,
			);
			runOnlyForDeploymentPostprocessing = 0;
		};
/* End PBXSourcesBuildPhase section */

/* Begin PBXVariantGroup section */
		0C16F28828BA340F00729B16 /* Main.storyboard */ = {
			isa = PBXVariantGroup;
			children = (
				0C16F28928BA340F00729B16 /* Base */,
			);
			name = Main.storyboard;
			sourceTree = "<group>";
		};
		0C16F28D28BA341200729B16 /* LaunchScreen.storyboard */ = {
			isa = PBXVariantGroup;
			children = (
				0C16F28E28BA341200729B16 /* Base */,
			);
			name = LaunchScreen.storyboard;
			sourceTree = "<group>";
		};
/* End PBXVariantGroup section */

/* Begin XCBuildConfiguration section */
		0C16F29128BA341200729B16 /* Debug */ = {
			isa = XCBuildConfiguration;
			buildSettings = {
				ALWAYS_SEARCH_USER_PATHS = NO;
				CLANG_ANALYZER_NONNULL = YES;
				CLANG_ANALYZER_NUMBER_OBJECT_CONVERSION = YES_AGGRESSIVE;
				CLANG_CXX_LANGUAGE_STANDARD = "gnu++17";
				CLANG_ENABLE_MODULES = YES;
				CLANG_ENABLE_OBJC_ARC = YES;
				CLANG_ENABLE_OBJC_WEAK = YES;
				CLANG_WARN_BLOCK_CAPTURE_AUTORELEASING = YES;
				CLANG_WARN_BOOL_CONVERSION = YES;
				CLANG_WARN_COMMA = YES;
				CLANG_WARN_CONSTANT_CONVERSION = YES;
				CLANG_WARN_DEPRECATED_OBJC_IMPLEMENTATIONS = YES;
				CLANG_WARN_DIRECT_OBJC_ISA_USAGE = YES_ERROR;
				CLANG_WARN_DOCUMENTATION_COMMENTS = YES;
				CLANG_WARN_EMPTY_BODY = YES;
				CLANG_WARN_ENUM_CONVERSION = YES;
				CLANG_WARN_INFINITE_RECURSION = YES;
				CLANG_WARN_INT_CONVERSION = YES;
				CLANG_WARN_NON_LITERAL_NULL_CONVERSION = YES;
				CLANG_WARN_OBJC_IMPLICIT_RETAIN_SELF = YES;
				CLANG_WARN_OBJC_LITERAL_CONVERSION = YES;
				CLANG_WARN_OBJC_ROOT_CLASS = YES_ERROR;
				CLANG_WARN_QUOTED_INCLUDE_IN_FRAMEWORK_HEADER = YES;
				CLANG_WARN_RANGE_LOOP_ANALYSIS = YES;
				CLANG_WARN_STRICT_PROTOTYPES = YES;
				CLANG_WARN_SUSPICIOUS_MOVE = YES;
				CLANG_WARN_UNGUARDED_AVAILABILITY = YES_AGGRESSIVE;
				CLANG_WARN_UNREACHABLE_CODE = YES;
				CLANG_WARN__DUPLICATE_METHOD_MATCH = YES;
				COPY_PHASE_STRIP = NO;
				DEBUG_INFORMATION_FORMAT = dwarf;
				ENABLE_STRICT_OBJC_MSGSEND = YES;
				ENABLE_TESTABILITY = YES;
				GCC_C_LANGUAGE_STANDARD = gnu11;
				GCC_DYNAMIC_NO_PIC = NO;
				GCC_NO_COMMON_BLOCKS = YES;
				GCC_OPTIMIZATION_LEVEL = 0;
				GCC_PREPROCESSOR_DEFINITIONS = (
					"DEBUG=1",
					"$(inherited)",
				);
				GCC_WARN_64_TO_32_BIT_CONVERSION = YES;
				GCC_WARN_ABOUT_RETURN_TYPE = YES_ERROR;
				GCC_WARN_UNDECLARED_SELECTOR = YES;
				GCC_WARN_UNINITIALIZED_AUTOS = YES_AGGRESSIVE;
				GCC_WARN_UNUSED_FUNCTION = YES;
				GCC_WARN_UNUSED_VARIABLE = YES;
				IPHONEOS_DEPLOYMENT_TARGET = 15.5;
				MTL_ENABLE_DEBUG_INFO = INCLUDE_SOURCE;
				MTL_FAST_MATH = YES;
				ONLY_ACTIVE_ARCH = YES;
				SDKROOT = iphoneos;
				SWIFT_ACTIVE_COMPILATION_CONDITIONS = DEBUG;
				SWIFT_OPTIMIZATION_LEVEL = "-Onone";
			};
			name = Debug;
		};
		0C16F29228BA341200729B16 /* Release */ = {
			isa = XCBuildConfiguration;
			buildSettings = {
				ALWAYS_SEARCH_USER_PATHS = NO;
				CLANG_ANALYZER_NONNULL = YES;
				CLANG_ANALYZER_NUMBER_OBJECT_CONVERSION = YES_AGGRESSIVE;
				CLANG_CXX_LANGUAGE_STANDARD = "gnu++17";
				CLANG_ENABLE_MODULES = YES;
				CLANG_ENABLE_OBJC_ARC = YES;
				CLANG_ENABLE_OBJC_WEAK = YES;
				CLANG_WARN_BLOCK_CAPTURE_AUTORELEASING = YES;
				CLANG_WARN_BOOL_CONVERSION = YES;
				CLANG_WARN_COMMA = YES;
				CLANG_WARN_CONSTANT_CONVERSION = YES;
				CLANG_WARN_DEPRECATED_OBJC_IMPLEMENTATIONS = YES;
				CLANG_WARN_DIRECT_OBJC_ISA_USAGE = YES_ERROR;
				CLANG_WARN_DOCUMENTATION_COMMENTS = YES;
				CLANG_WARN_EMPTY_BODY = YES;
				CLANG_WARN_ENUM_CONVERSION = YES;
				CLANG_WARN_INFINITE_RECURSION = YES;
				CLANG_WARN_INT_CONVERSION = YES;
				CLANG_WARN_NON_LITERAL_NULL_CONVERSION = YES;
				CLANG_WARN_OBJC_IMPLICIT_RETAIN_SELF = YES;
				CLANG_WARN_OBJC_LITERAL_CONVERSION = YES;
				CLANG_WARN_OBJC_ROOT_CLASS = YES_ERROR;
				CLANG_WARN_QUOTED_INCLUDE_IN_FRAMEWORK_HEADER = YES;
				CLANG_WARN_RANGE_LOOP_ANALYSIS = YES;
				CLANG_WARN_STRICT_PROTOTYPES = YES;
				CLANG_WARN_SUSPICIOUS_MOVE = YES;
				CLANG_WARN_UNGUARDED_AVAILABILITY = YES_AGGRESSIVE;
				CLANG_WARN_UNREACHABLE_CODE = YES;
				CLANG_WARN__DUPLICATE_METHOD_MATCH = YES;
				COPY_PHASE_STRIP = NO;
				DEBUG_INFORMATION_FORMAT = "dwarf-with-dsym";
				ENABLE_NS_ASSERTIONS = NO;
				ENABLE_STRICT_OBJC_MSGSEND = YES;
				GCC_C_LANGUAGE_STANDARD = gnu11;
				GCC_NO_COMMON_BLOCKS = YES;
				GCC_WARN_64_TO_32_BIT_CONVERSION = YES;
				GCC_WARN_ABOUT_RETURN_TYPE = YES_ERROR;
				GCC_WARN_UNDECLARED_SELECTOR = YES;
				GCC_WARN_UNINITIALIZED_AUTOS = YES_AGGRESSIVE;
				GCC_WARN_UNUSED_FUNCTION = YES;
				GCC_WARN_UNUSED_VARIABLE = YES;
				IPHONEOS_DEPLOYMENT_TARGET = 15.5;
				MTL_ENABLE_DEBUG_INFO = NO;
				MTL_FAST_MATH = YES;
				SDKROOT = iphoneos;
				SWIFT_COMPILATION_MODE = wholemodule;
				SWIFT_OPTIMIZATION_LEVEL = "-O";
				VALIDATE_PRODUCT = YES;
			};
			name = Release;
		};
		0C16F29428BA341200729B16 /* Debug */ = {
			isa = XCBuildConfiguration;
			buildSettings = {
				ASSETCATALOG_COMPILER_APPICON_NAME = AppIcon;
				ASSETCATALOG_COMPILER_GLOBAL_ACCENT_COLOR_NAME = AccentColor;
				CLANG_ENABLE_MODULES = YES;
				CODE_SIGN_STYLE = Automatic;
				CURRENT_PROJECT_VERSION = 1;
				DEVELOPMENT_TEAM = 79SWHBWQMY;
				GENERATE_INFOPLIST_FILE = YES;
				INFOPLIST_FILE = toDoViper/Info.plist;
				INFOPLIST_KEY_UIApplicationSupportsIndirectInputEvents = YES;
				INFOPLIST_KEY_UILaunchStoryboardName = LaunchScreen;
				INFOPLIST_KEY_UIMainStoryboardFile = Main;
				INFOPLIST_KEY_UISupportedInterfaceOrientations_iPad = "UIInterfaceOrientationPortrait UIInterfaceOrientationPortraitUpsideDown UIInterfaceOrientationLandscapeLeft UIInterfaceOrientationLandscapeRight";
				INFOPLIST_KEY_UISupportedInterfaceOrientations_iPhone = "UIInterfaceOrientationPortrait UIInterfaceOrientationLandscapeLeft UIInterfaceOrientationLandscapeRight";
				LD_RUNPATH_SEARCH_PATHS = (
					"$(inherited)",
					"@executable_path/Frameworks",
				);
				MARKETING_VERSION = 1.0;
				PRODUCT_BUNDLE_IDENTIFIER = com.kerem.toDoViper;
				PRODUCT_NAME = "$(TARGET_NAME)";
				SWIFT_EMIT_LOC_STRINGS = YES;
				SWIFT_OBJC_BRIDGING_HEADER = "toDoViper/toDoViper-Bridging-Header.h";
				SWIFT_OPTIMIZATION_LEVEL = "-Onone";
				SWIFT_VERSION = 5.0;
				TARGETED_DEVICE_FAMILY = "1,2";
			};
			name = Debug;
		};
		0C16F29528BA341200729B16 /* Release */ = {
			isa = XCBuildConfiguration;
			buildSettings = {
				ASSETCATALOG_COMPILER_APPICON_NAME = AppIcon;
				ASSETCATALOG_COMPILER_GLOBAL_ACCENT_COLOR_NAME = AccentColor;
				CLANG_ENABLE_MODULES = YES;
				CODE_SIGN_STYLE = Automatic;
				CURRENT_PROJECT_VERSION = 1;
				DEVELOPMENT_TEAM = 79SWHBWQMY;
				GENERATE_INFOPLIST_FILE = YES;
				INFOPLIST_FILE = toDoViper/Info.plist;
				INFOPLIST_KEY_UIApplicationSupportsIndirectInputEvents = YES;
				INFOPLIST_KEY_UILaunchStoryboardName = LaunchScreen;
				INFOPLIST_KEY_UIMainStoryboardFile = Main;
				INFOPLIST_KEY_UISupportedInterfaceOrientations_iPad = "UIInterfaceOrientationPortrait UIInterfaceOrientationPortraitUpsideDown UIInterfaceOrientationLandscapeLeft UIInterfaceOrientationLandscapeRight";
				INFOPLIST_KEY_UISupportedInterfaceOrientations_iPhone = "UIInterfaceOrientationPortrait UIInterfaceOrientationLandscapeLeft UIInterfaceOrientationLandscapeRight";
				LD_RUNPATH_SEARCH_PATHS = (
					"$(inherited)",
					"@executable_path/Frameworks",
				);
				MARKETING_VERSION = 1.0;
				PRODUCT_BUNDLE_IDENTIFIER = com.kerem.toDoViper;
				PRODUCT_NAME = "$(TARGET_NAME)";
				SWIFT_EMIT_LOC_STRINGS = YES;
				SWIFT_OBJC_BRIDGING_HEADER = "toDoViper/toDoViper-Bridging-Header.h";
				SWIFT_VERSION = 5.0;
				TARGETED_DEVICE_FAMILY = "1,2";
			};
			name = Release;
		};
/* End XCBuildConfiguration section */

/* Begin XCConfigurationList section */
		0C16F27A28BA340F00729B16 /* Build configuration list for PBXProject "toDoViper" */ = {
			isa = XCConfigurationList;
			buildConfigurations = (
				0C16F29128BA341200729B16 /* Debug */,
				0C16F29228BA341200729B16 /* Release */,
			);
			defaultConfigurationIsVisible = 0;
			defaultConfigurationName = Release;
		};
		0C16F29328BA341200729B16 /* Build configuration list for PBXNativeTarget "toDoViper" */ = {
			isa = XCConfigurationList;
			buildConfigurations = (
				0C16F29428BA341200729B16 /* Debug */,
				0C16F29528BA341200729B16 /* Release */,
			);
			defaultConfigurationIsVisible = 0;
			defaultConfigurationName = Release;
		};
/* End XCConfigurationList section */
	};
	rootObject = 0C16F27728BA340F00729B16 /* Project object */;
}
